Microsoft Visual Studio Solution File, Format Version 11.00
# Visual Studio 2008

Project("{D8DA7E2C-E6EA-D60B-ECFA-36C5A104040B}") = "AdvancedDataStructure", "Assembly-CSharp.csproj", "{ED04BBF5-8840-E77B-553D-19E353776C4C}"
EndProject
Project("{D8DA7E2C-E6EA-D60B-ECFA-36C5A104040B}") = "AdvancedDataStructure", "Assembly-CSharp-Editor.csproj", "{D327B414-E7DF-3149-96DB-3A732B5AEA28}"
EndProject
Global
	GlobalSection(SolutionConfigurationPlatforms) = preSolution
		Debug|Any CPU = Debug|Any CPU
		Release|Any CPU = Release|Any CPU
	EndGlobalSection
	GlobalSection(ProjectConfigurationPlatforms) = postSolution
		{ED04BBF5-8840-E77B-553D-19E353776C4C}.Debug|Any CPU.ActiveCfg = Debug|Any CPU
		{ED04BBF5-8840-E77B-553D-19E353776C4C}.Debug|Any CPU.Build.0 = Debug|Any CPU
		{ED04BBF5-8840-E77B-553D-19E353776C4C}.Release|Any CPU.ActiveCfg = Release|Any CPU
		{ED04BBF5-8840-E77B-553D-19E353776C4C}.Release|Any CPU.Build.0 = Release|Any CPU
		{D327B414-E7DF-3149-96DB-3A732B5AEA28}.Debug|Any CPU.ActiveCfg = Debug|Any CPU
		{D327B414-E7DF-3149-96DB-3A732B5AEA28}.Debug|Any CPU.Build.0 = Debug|Any CPU
		{D327B414-E7DF-3149-96DB-3A732B5AEA28}.Release|Any CPU.ActiveCfg = Release|Any CPU
		{D327B414-E7DF-3149-96DB-3A732B5AEA28}.Release|Any CPU.Build.0 = Release|Any CPU
	EndGlobalSection
	GlobalSection(SolutionProperties) = preSolution
		HideSolutionNode = FALSE
	EndGlobalSection
	GlobalSection(MonoDevelopProperties) = preSolution
		StartupItem = Assembly-CSharp.csproj
		Policies = $0
		$0.TextStylePolicy = $1
		$1.inheritsSet = null
		$1.scope = text/x-csharp
		$0.CSharpFormattingPolicy = $2
		$2.inheritsSet = Mono
		$2.inheritsScope = text/x-csharp
		$2.scope = text/x-csharp
		$0.TextStylePolicy = $3
		$3.FileWidth = 120
		$3.TabWidth = 4
		$3.IndentWidth = 4
		$3.EolMarker = Unix
		$3.inheritsSet = Mono
		$3.inheritsScope = text/plain
		$3.scope = text/plain
	EndGlobalSection
EndGlobal
